
Microsoft Visual Studio Solution File, Format Version 12.00
# Visual Studio Version 17
VisualStudioVersion = 17.10.35027.167
MinimumVisualStudioVersion = 10.0.40219.1
Project("{FAE04EC0-301F-11D3-BF4B-00C04F79EFBC}") = "HotelDB", "HotelDB\HotelDB.csproj", "{1A9AB7E5-5CB8-42CC-B7FF-39810104CBFB}"
EndProject
Global
	GlobalSection(SolutionConfigurationPlatforms) = preSolution
		Debug|Any CPU = Debug|Any CPU
		Release|Any CPU = Release|Any CPU
	EndGlobalSection
	GlobalSection(ProjectConfigurationPlatforms) = postSolution
		{1A9AB7E5-5CB8-42CC-B7FF-39810104CBFB}.Debug|Any CPU.ActiveCfg = Debug|Any CPU
		{1A9AB7E5-5CB8-42CC-B7FF-39810104CBFB}.Debug|Any CPU.Build.0 = Debug|Any CPU
		{1A9AB7E5-5CB8-42CC-B7FF-39810104CBFB}.Release|Any CPU.ActiveCfg = Release|Any CPU
		{1A9AB7E5-5CB8-42CC-B7FF-39810104CBFB}.Release|Any CPU.Build.0 = Release|Any CPU
	EndGlobalSection
	GlobalSection(SolutionProperties) = preSolution
		HideSolutionNode = FALSE
	EndGlobalSection
	GlobalSection(ExtensibilityGlobals) = postSolution
		SolutionGuid = {8E15E27E-FA0C-48A8-9DA0-EC974FCC9C8C}
	EndGlobalSection
EndGlobal
